
Microsoft Visual Studio Solution File, Format Version 12.00
# Visual Studio 15
VisualStudioVersion = 15.0.27428.2015
MinimumVisualStudioVersion = 10.0.40219.1
Project("{FAE04EC0-301F-11D3-BF4B-00C04F79EFBC}") = "BehrendLearningSystem", "BehrendLearningSystem\BehrendLearningSystem.csproj", "{09CD852A-DA88-4ADF-A8A3-941A004DFCB3}"
EndProject
Global
	GlobalSection(SolutionConfigurationPlatforms) = preSolution
		Debug|Any CPU = Debug|Any CPU
		Release|Any CPU = Release|Any CPU
	EndGlobalSection
	GlobalSection(ProjectConfigurationPlatforms) = postSolution
		{09CD852A-DA88-4ADF-A8A3-941A004DFCB3}.Debug|Any CPU.ActiveCfg = Debug|Any CPU
		{09CD852A-DA88-4ADF-A8A3-941A004DFCB3}.Debug|Any CPU.Build.0 = Debug|Any CPU
		{09CD852A-DA88-4ADF-A8A3-941A004DFCB3}.Release|Any CPU.ActiveCfg = Release|Any CPU
		{09CD852A-DA88-4ADF-A8A3-941A004DFCB3}.Release|Any CPU.Build.0 = Release|Any CPU
	EndGlobalSection
	GlobalSection(SolutionProperties) = preSolution
		HideSolutionNode = FALSE
	EndGlobalSection
	GlobalSection(ExtensibilityGlobals) = postSolution
		SolutionGuid = {87D96489-F16D-4D12-A9F8-C1C5D8C0FAD2}
	EndGlobalSection
EndGlobal
